// !$*UTF8*$!
{
	archiveVersion = 1;
	classes = {
	};
	objectVersion = 50;
	objects = {

/* Begin PBXBuildFile section */
		7867456E20E9B72B009AB4D9 /* example_04-03.cpp in Sources */ = {isa = PBXBuildFile; fileRef = 7867456D20E9B72B009AB4D9 /* example_04-03.cpp */; };
		7892217920E3DE1500D44D6C /* libopencv_xphoto.3.4.1.dylib in Frameworks */ = {isa = PBXBuildFile; fileRef = 78DAC21120D1FA7500CF9F1D /* libopencv_xphoto.3.4.1.dylib */; };
		7892217A20E3DE1500D44D6C /* libopencv_xobjdetect.3.4.1.dylib in Frameworks */ = {isa = PBXBuildFile; fileRef = 78DAC21420D1FA7500CF9F1D /* libopencv_xobjdetect.3.4.1.dylib */; };
		7892217B20E3DE1500D44D6C /* libopencv_ximgproc.3.4.1.dylib in Frameworks */ = {isa = PBXBuildFile; fileRef = 78DAC21B20D1FA7500CF9F1D /* libopencv_ximgproc.3.4.1.dylib */; };
		7892217C20E3DE1500D44D6C /* libopencv_xfeatures2d.3.4.1.dylib in Frameworks */ = {isa = PBXBuildFile; fileRef = 78DAC20720D1FA7500CF9F1D /* libopencv_xfeatures2d.3.4.1.dylib */; };
		7892217D20E3DE1500D44D6C /* libopencv_videostab.3.4.1.dylib in Frameworks */ = {isa = PBXBuildFile; fileRef = 78DAC20220D1FA7500CF9F1D /* libopencv_videostab.3.4.1.dylib */; };
		7892217E20E3DE1500D44D6C /* libopencv_videoio.3.4.1.dylib in Frameworks */ = {isa = PBXBuildFile; fileRef = 78DAC20A20D1FA7500CF9F1D /* libopencv_videoio.3.4.1.dylib */; };
		7892217F20E3DE1500D44D6C /* libopencv_video.3.4.1.dylib in Frameworks */ = {isa = PBXBuildFile; fileRef = 78DAC20620D1FA7500CF9F1D /* libopencv_video.3.4.1.dylib */; };
		7892218020E3DE1500D44D6C /* libopencv_tracking.3.4.1.dylib in Frameworks */ = {isa = PBXBuildFile; fileRef = 78DAC20920D1FA7500CF9F1D /* libopencv_tracking.3.4.1.dylib */; };
		7892218120E3DE1500D44D6C /* libopencv_surface_matching.3.4.1.dylib in Frameworks */ = {isa = PBXBuildFile; fileRef = 78DAC21220D1FA7500CF9F1D /* libopencv_surface_matching.3.4.1.dylib */; };
		7892218220E3DE1500D44D6C /* libopencv_superres.3.4.1.dylib in Frameworks */ = {isa = PBXBuildFile; fileRef = 78DAC20D20D1FA7500CF9F1D /* libopencv_superres.3.4.1.dylib */; };
		7892218320E3DE1500D44D6C /* libopencv_structured_light.3.4.1.dylib in Frameworks */ = {isa = PBXBuildFile; fileRef = 78DAC21E20D1FA7500CF9F1D /* libopencv_structured_light.3.4.1.dylib */; };
		7892218420E3DE1500D44D6C /* libopencv_stitching.3.4.1.dylib in Frameworks */ = {isa = PBXBuildFile; fileRef = 78DAC21720D1FA7500CF9F1D /* libopencv_stitching.3.4.1.dylib */; };
		7892218520E3DE1500D44D6C /* libopencv_stereo.3.4.1.dylib in Frameworks */ = {isa = PBXBuildFile; fileRef = 78DAC20320D1FA7500CF9F1D /* libopencv_stereo.3.4.1.dylib */; };
		7892218620E3DE1500D44D6C /* libopencv_shape.3.4.1.dylib in Frameworks */ = {isa = PBXBuildFile; fileRef = 78DAC20E20D1FA7500CF9F1D /* libopencv_shape.3.4.1.dylib */; };
		7892218720E3DE1500D44D6C /* libopencv_saliency.3.4.1.dylib in Frameworks */ = {isa = PBXBuildFile; fileRef = 78DAC20420D1FA7500CF9F1D /* libopencv_saliency.3.4.1.dylib */; };
		7892218820E3DE1500D44D6C /* libopencv_rgbd.3.4.1.dylib in Frameworks */ = {isa = PBXBuildFile; fileRef = 78DAC26720D1FC9F00CF9F1D /* libopencv_rgbd.3.4.1.dylib */; };
		7892218920E3DE1500D44D6C /* libopencv_reg.3.4.1.dylib in Frameworks */ = {isa = PBXBuildFile; fileRef = 78DAC25C20D1FC9E00CF9F1D /* libopencv_reg.3.4.1.dylib */; };
		7892218A20E3DE1500D44D6C /* libopencv_plot.3.4.1.dylib in Frameworks */ = {isa = PBXBuildFile; fileRef = 78DAC26820D1FC9F00CF9F1D /* libopencv_plot.3.4.1.dylib */; };
		7892218B20E3DE1500D44D6C /* libopencv_photo.3.4.1.dylib in Frameworks */ = {isa = PBXBuildFile; fileRef = 78DAC26420D1FC9F00CF9F1D /* libopencv_photo.3.4.1.dylib */; };
		7892218C20E3DE1500D44D6C /* libopencv_phase_unwrapping.3.4.1.dylib in Frameworks */ = {isa = PBXBuildFile; fileRef = 78DAC25B20D1FC9E00CF9F1D /* libopencv_phase_unwrapping.3.4.1.dylib */; };
		7892218D20E3DE1500D44D6C /* libopencv_optflow.3.4.1.dylib in Frameworks */ = {isa = PBXBuildFile; fileRef = 78DAC25D20D1FC9F00CF9F1D /* libopencv_optflow.3.4.1.dylib */; };
		7892218E20E3DE1500D44D6C /* libopencv_objdetect.3.4.1.dylib in Frameworks */ = {isa = PBXBuildFile; fileRef = 78DAC25620D1FC9E00CF9F1D /* libopencv_objdetect.3.4.1.dylib */; };
		7892218F20E3DE1500D44D6C /* libopencv_ml.3.4.1.dylib in Frameworks */ = {isa = PBXBuildFile; fileRef = 78DAC25120D1FC9E00CF9F1D /* libopencv_ml.3.4.1.dylib */; };
		7892219020E3DE1500D44D6C /* libopencv_line_descriptor.3.4.1.dylib in Frameworks */ = {isa = PBXBuildFile; fileRef = 78DAC26620D1FC9F00CF9F1D /* libopencv_line_descriptor.3.4.1.dylib */; };
		7892219120E3DE1500D44D6C /* libopencv_imgproc.3.4.1.dylib in Frameworks */ = {isa = PBXBuildFile; fileRef = 78DAC25220D1FC9E00CF9F1D /* libopencv_imgproc.3.4.1.dylib */; };
		7892219220E3DE1500D44D6C /* libopencv_imgcodecs.3.4.1.dylib in Frameworks */ = {isa = PBXBuildFile; fileRef = 78DAC26320D1FC9F00CF9F1D /* libopencv_imgcodecs.3.4.1.dylib */; };
		7892219320E3DE1500D44D6C /* libopencv_img_hash.3.4.1.dylib in Frameworks */ = {isa = PBXBuildFile; fileRef = 78DAC26520D1FC9F00CF9F1D /* libopencv_img_hash.3.4.1.dylib */; };
		7892219420E3DE1500D44D6C /* libopencv_highgui.3.4.1.dylib in Frameworks */ = {isa = PBXBuildFile; fileRef = 78DAC26020D1FC9F00CF9F1D /* libopencv_highgui.3.4.1.dylib */; };
		7892219520E3DE1500D44D6C /* libopencv_hfs.3.4.1.dylib in Frameworks */ = {isa = PBXBuildFile; fileRef = 78DAC26120D1FC9F00CF9F1D /* libopencv_hfs.3.4.1.dylib */; };
		7892219620E3DE1500D44D6C /* libopencv_fuzzy.3.4.1.dylib in Frameworks */ = {isa = PBXBuildFile; fileRef = 78DAC25020D1FC9E00CF9F1D /* libopencv_fuzzy.3.4.1.dylib */; };
		7892219720E3DE1500D44D6C /* libopencv_flann.3.4.1.dylib in Frameworks */ = {isa = PBXBuildFile; fileRef = 78DAC26220D1FC9F00CF9F1D /* libopencv_flann.3.4.1.dylib */; };
		7892219820E3DE1500D44D6C /* libopencv_features2d.3.4.1.dylib in Frameworks */ = {isa = PBXBuildFile; fileRef = 78DAC25520D1FC9E00CF9F1D /* libopencv_features2d.3.4.1.dylib */; };
		7892219920E3DE1500D44D6C /* libopencv_face.3.4.1.dylib in Frameworks */ = {isa = PBXBuildFile; fileRef = 78DAC25E20D1FC9F00CF9F1D /* libopencv_face.3.4.1.dylib */; };
		7892219A20E3DE1500D44D6C /* libopencv_dpm.3.4.1.dylib in Frameworks */ = {isa = PBXBuildFile; fileRef = 78DAC25420D1FC9E00CF9F1D /* libopencv_dpm.3.4.1.dylib */; };
		7892219B20E3DE1500D44D6C /* libopencv_dnn_objdetect.3.4.1.dylib in Frameworks */ = {isa = PBXBuildFile; fileRef = 78DAC25320D1FC9E00CF9F1D /* libopencv_dnn_objdetect.3.4.1.dylib */; };
		7892219C20E3DE1500D44D6C /* libopencv_dnn.3.4.1.dylib in Frameworks */ = {isa = PBXBuildFile; fileRef = 78DAC25A20D1FC9E00CF9F1D /* libopencv_dnn.3.4.1.dylib */; };
		7892219D20E3DE1500D44D6C /* libopencv_datasets.3.4.1.dylib in Frameworks */ = {isa = PBXBuildFile; fileRef = 78DAC25720D1FC9E00CF9F1D /* libopencv_datasets.3.4.1.dylib */; };
		7892219E20E3DE1500D44D6C /* libopencv_core.3.4.1.dylib in Frameworks */ = {isa = PBXBuildFile; fileRef = 78DAC25F20D1FC9F00CF9F1D /* libopencv_core.3.4.1.dylib */; };
		7892219F20E3DE1500D44D6C /* libopencv_ccalib.3.4.1.dylib in Frameworks */ = {isa = PBXBuildFile; fileRef = 78DAC25820D1FC9E00CF9F1D /* libopencv_ccalib.3.4.1.dylib */; };
		789221A020E3DE1500D44D6C /* libopencv_calib3d.3.4.1.dylib in Frameworks */ = {isa = PBXBuildFile; fileRef = 78DAC25920D1FC9E00CF9F1D /* libopencv_calib3d.3.4.1.dylib */; };
		789221A120E3DE1500D44D6C /* libopencv_bioinspired.3.4.1.dylib in Frameworks */ = {isa = PBXBuildFile; fileRef = 78DAC24E20D1FC9E00CF9F1D /* libopencv_bioinspired.3.4.1.dylib */; };
		789221A220E3DE1500D44D6C /* libopencv_bgsegm.3.4.1.dylib in Frameworks */ = {isa = PBXBuildFile; fileRef = 78DAC24F20D1FC9E00CF9F1D /* libopencv_bgsegm.3.4.1.dylib */; };
		789221A320E3DE1500D44D6C /* libopencv_aruco.3.4.1.dylib in Frameworks */ = {isa = PBXBuildFile; fileRef = 78DAC24D20D1FC9E00CF9F1D /* libopencv_aruco.3.4.1.dylib */; };
		78DAC23E20D1FC9D00CF9F1D /* libopencv_xphoto.3.4.1.dylib in Frameworks */ = {isa = PBXBuildFile; fileRef = 78DAC21120D1FA7500CF9F1D /* libopencv_xphoto.3.4.1.dylib */; };
		78DAC23F20D1FC9D00CF9F1D /* libopencv_xobjdetect.3.4.1.dylib in Frameworks */ = {isa = PBXBuildFile; fileRef = 78DAC21420D1FA7500CF9F1D /* libopencv_xobjdetect.3.4.1.dylib */; };
		78DAC24020D1FC9D00CF9F1D /* libopencv_ximgproc.3.4.1.dylib in Frameworks */ = {isa = PBXBuildFile; fileRef = 78DAC21B20D1FA7500CF9F1D /* libopencv_ximgproc.3.4.1.dylib */; };
		78DAC24120D1FC9D00CF9F1D /* libopencv_xfeatures2d.3.4.1.dylib in Frameworks */ = {isa = PBXBuildFile; fileRef = 78DAC20720D1FA7500CF9F1D /* libopencv_xfeatures2d.3.4.1.dylib */; };
		78DAC24220D1FC9D00CF9F1D /* libopencv_videostab.3.4.1.dylib in Frameworks */ = {isa = PBXBuildFile; fileRef = 78DAC20220D1FA7500CF9F1D /* libopencv_videostab.3.4.1.dylib */; };
		78DAC24320D1FC9D00CF9F1D /* libopencv_videoio.3.4.1.dylib in Frameworks */ = {isa = PBXBuildFile; fileRef = 78DAC20A20D1FA7500CF9F1D /* libopencv_videoio.3.4.1.dylib */; };
		78DAC24420D1FC9D00CF9F1D /* libopencv_video.3.4.1.dylib in Frameworks */ = {isa = PBXBuildFile; fileRef = 78DAC20620D1FA7500CF9F1D /* libopencv_video.3.4.1.dylib */; };
		78DAC24520D1FC9D00CF9F1D /* libopencv_tracking.3.4.1.dylib in Frameworks */ = {isa = PBXBuildFile; fileRef = 78DAC20920D1FA7500CF9F1D /* libopencv_tracking.3.4.1.dylib */; };
		78DAC24620D1FC9D00CF9F1D /* libopencv_surface_matching.3.4.1.dylib in Frameworks */ = {isa = PBXBuildFile; fileRef = 78DAC21220D1FA7500CF9F1D /* libopencv_surface_matching.3.4.1.dylib */; };
		78DAC24720D1FC9D00CF9F1D /* libopencv_superres.3.4.1.dylib in Frameworks */ = {isa = PBXBuildFile; fileRef = 78DAC20D20D1FA7500CF9F1D /* libopencv_superres.3.4.1.dylib */; };
		78DAC24820D1FC9D00CF9F1D /* libopencv_structured_light.3.4.1.dylib in Frameworks */ = {isa = PBXBuildFile; fileRef = 78DAC21E20D1FA7500CF9F1D /* libopencv_structured_light.3.4.1.dylib */; };
		78DAC24920D1FC9D00CF9F1D /* libopencv_stitching.3.4.1.dylib in Frameworks */ = {isa = PBXBuildFile; fileRef = 78DAC21720D1FA7500CF9F1D /* libopencv_stitching.3.4.1.dylib */; };
		78DAC24A20D1FC9D00CF9F1D /* libopencv_stereo.3.4.1.dylib in Frameworks */ = {isa = PBXBuildFile; fileRef = 78DAC20320D1FA7500CF9F1D /* libopencv_stereo.3.4.1.dylib */; };
		78DAC24B20D1FC9D00CF9F1D /* libopencv_shape.3.4.1.dylib in Frameworks */ = {isa = PBXBuildFile; fileRef = 78DAC20E20D1FA7500CF9F1D /* libopencv_shape.3.4.1.dylib */; };
		78DAC24C20D1FC9D00CF9F1D /* libopencv_saliency.3.4.1.dylib in Frameworks */ = {isa = PBXBuildFile; fileRef = 78DAC20420D1FA7500CF9F1D /* libopencv_saliency.3.4.1.dylib */; };
		78DAC26920D1FC9F00CF9F1D /* libopencv_aruco.3.4.1.dylib in Frameworks */ = {isa = PBXBuildFile; fileRef = 78DAC24D20D1FC9E00CF9F1D /* libopencv_aruco.3.4.1.dylib */; };
		78DAC26A20D1FC9F00CF9F1D /* libopencv_bioinspired.3.4.1.dylib in Frameworks */ = {isa = PBXBuildFile; fileRef = 78DAC24E20D1FC9E00CF9F1D /* libopencv_bioinspired.3.4.1.dylib */; };
		78DAC26B20D1FC9F00CF9F1D /* libopencv_bgsegm.3.4.1.dylib in Frameworks */ = {isa = PBXBuildFile; fileRef = 78DAC24F20D1FC9E00CF9F1D /* libopencv_bgsegm.3.4.1.dylib */; };
		78DAC26C20D1FC9F00CF9F1D /* libopencv_fuzzy.3.4.1.dylib in Frameworks */ = {isa = PBXBuildFile; fileRef = 78DAC25020D1FC9E00CF9F1D /* libopencv_fuzzy.3.4.1.dylib */; };
		78DAC26D20D1FC9F00CF9F1D /* libopencv_ml.3.4.1.dylib in Frameworks */ = {isa = PBXBuildFile; fileRef = 78DAC25120D1FC9E00CF9F1D /* libopencv_ml.3.4.1.dylib */; };
		78DAC26E20D1FC9F00CF9F1D /* libopencv_imgproc.3.4.1.dylib in Frameworks */ = {isa = PBXBuildFile; fileRef = 78DAC25220D1FC9E00CF9F1D /* libopencv_imgproc.3.4.1.dylib */; };
		78DAC26F20D1FC9F00CF9F1D /* libopencv_dnn_objdetect.3.4.1.dylib in Frameworks */ = {isa = PBXBuildFile; fileRef = 78DAC25320D1FC9E00CF9F1D /* libopencv_dnn_objdetect.3.4.1.dylib */; };
		78DAC27020D1FC9F00CF9F1D /* libopencv_dpm.3.4.1.dylib in Frameworks */ = {isa = PBXBuildFile; fileRef = 78DAC25420D1FC9E00CF9F1D /* libopencv_dpm.3.4.1.dylib */; };
		78DAC27120D1FC9F00CF9F1D /* libopencv_features2d.3.4.1.dylib in Frameworks */ = {isa = PBXBuildFile; fileRef = 78DAC25520D1FC9E00CF9F1D /* libopencv_features2d.3.4.1.dylib */; };
		78DAC27220D1FC9F00CF9F1D /* libopencv_objdetect.3.4.1.dylib in Frameworks */ = {isa = PBXBuildFile; fileRef = 78DAC25620D1FC9E00CF9F1D /* libopencv_objdetect.3.4.1.dylib */; };
		78DAC27320D1FC9F00CF9F1D /* libopencv_datasets.3.4.1.dylib in Frameworks */ = {isa = PBXBuildFile; fileRef = 78DAC25720D1FC9E00CF9F1D /* libopencv_datasets.3.4.1.dylib */; };
		78DAC27420D1FC9F00CF9F1D /* libopencv_ccalib.3.4.1.dylib in Frameworks */ = {isa = PBXBuildFile; fileRef = 78DAC25820D1FC9E00CF9F1D /* libopencv_ccalib.3.4.1.dylib */; };
		78DAC27520D1FC9F00CF9F1D /* libopencv_calib3d.3.4.1.dylib in Frameworks */ = {isa = PBXBuildFile; fileRef = 78DAC25920D1FC9E00CF9F1D /* libopencv_calib3d.3.4.1.dylib */; };
		78DAC27620D1FC9F00CF9F1D /* libopencv_dnn.3.4.1.dylib in Frameworks */ = {isa = PBXBuildFile; fileRef = 78DAC25A20D1FC9E00CF9F1D /* libopencv_dnn.3.4.1.dylib */; };
		78DAC27720D1FC9F00CF9F1D /* libopencv_phase_unwrapping.3.4.1.dylib in Frameworks */ = {isa = PBXBuildFile; fileRef = 78DAC25B20D1FC9E00CF9F1D /* libopencv_phase_unwrapping.3.4.1.dylib */; };
		78DAC27820D1FC9F00CF9F1D /* libopencv_reg.3.4.1.dylib in Frameworks */ = {isa = PBXBuildFile; fileRef = 78DAC25C20D1FC9E00CF9F1D /* libopencv_reg.3.4.1.dylib */; };
		78DAC27920D1FC9F00CF9F1D /* libopencv_optflow.3.4.1.dylib in Frameworks */ = {isa = PBXBuildFile; fileRef = 78DAC25D20D1FC9F00CF9F1D /* libopencv_optflow.3.4.1.dylib */; };
		78DAC27A20D1FC9F00CF9F1D /* libopencv_face.3.4.1.dylib in Frameworks */ = {isa = PBXBuildFile; fileRef = 78DAC25E20D1FC9F00CF9F1D /* libopencv_face.3.4.1.dylib */; };
		78DAC27B20D1FC9F00CF9F1D /* libopencv_core.3.4.1.dylib in Frameworks */ = {isa = PBXBuildFile; fileRef = 78DAC25F20D1FC9F00CF9F1D /* libopencv_core.3.4.1.dylib */; };
		78DAC27C20D1FC9F00CF9F1D /* libopencv_highgui.3.4.1.dylib in Frameworks */ = {isa = PBXBuildFile; fileRef = 78DAC26020D1FC9F00CF9F1D /* libopencv_highgui.3.4.1.dylib */; };
		78DAC27D20D1FC9F00CF9F1D /* libopencv_hfs.3.4.1.dylib in Frameworks */ = {isa = PBXBuildFile; fileRef = 78DAC26120D1FC9F00CF9F1D /* libopencv_hfs.3.4.1.dylib */; };
		78DAC27E20D1FC9F00CF9F1D /* libopencv_flann.3.4.1.dylib in Frameworks */ = {isa = PBXBuildFile; fileRef = 78DAC26220D1FC9F00CF9F1D /* libopencv_flann.3.4.1.dylib */; };
		78DAC27F20D1FC9F00CF9F1D /* libopencv_imgcodecs.3.4.1.dylib in Frameworks */ = {isa = PBXBuildFile; fileRef = 78DAC26320D1FC9F00CF9F1D /* libopencv_imgcodecs.3.4.1.dylib */; };
		78DAC28020D1FC9F00CF9F1D /* libopencv_photo.3.4.1.dylib in Frameworks */ = {isa = PBXBuildFile; fileRef = 78DAC26420D1FC9F00CF9F1D /* libopencv_photo.3.4.1.dylib */; };
		78DAC28120D1FC9F00CF9F1D /* libopencv_img_hash.3.4.1.dylib in Frameworks */ = {isa = PBXBuildFile; fileRef = 78DAC26520D1FC9F00CF9F1D /* libopencv_img_hash.3.4.1.dylib */; };
		78DAC28220D1FC9F00CF9F1D /* libopencv_line_descriptor.3.4.1.dylib in Frameworks */ = {isa = PBXBuildFile; fileRef = 78DAC26620D1FC9F00CF9F1D /* libopencv_line_descriptor.3.4.1.dylib */; };
		78DAC28320D1FC9F00CF9F1D /* libopencv_rgbd.3.4.1.dylib in Frameworks */ = {isa = PBXBuildFile; fileRef = 78DAC26720D1FC9F00CF9F1D /* libopencv_rgbd.3.4.1.dylib */; };
		78DAC28420D1FC9F00CF9F1D /* libopencv_plot.3.4.1.dylib in Frameworks */ = {isa = PBXBuildFile; fileRef = 78DAC26820D1FC9F00CF9F1D /* libopencv_plot.3.4.1.dylib */; };
		78DAC28720D1FDCE00CF9F1D /* main.cpp in Sources */ = {isa = PBXBuildFile; fileRef = 78DAC1FA20D1F2D800CF9F1D /* main.cpp */; };
/* End PBXBuildFile section */

/* Begin PBXCopyFilesBuildPhase section */
		7892217020E3DBFC00D44D6C /* CopyFiles */ = {
			isa = PBXCopyFilesBuildPhase;
			buildActionMask = 2147483647;
			dstPath = /usr/share/man/man1/;
			dstSubfolderSpec = 0;
			files = (
			);
			runOnlyForDeploymentPostprocessing = 1;
		};
		78DAC1F520D1F2D800CF9F1D /* CopyFiles */ = {
			isa = PBXCopyFilesBuildPhase;
			buildActionMask = 2147483647;
			dstPath = /usr/share/man/man1/;
			dstSubfolderSpec = 0;
			files = (
			);
			runOnlyForDeploymentPostprocessing = 1;
		};
/* End PBXCopyFilesBuildPhase section */

/* Begin PBXFileReference section */
		7836DE4B20E5B9A500D49A7C /* example_04-02.cpp */ = {isa = PBXFileReference; lastKnownFileType = sourcecode.cpp.cpp; path = "example_04-02.cpp"; sourceTree = "<group>"; };
		7867456D20E9B72B009AB4D9 /* example_04-03.cpp */ = {isa = PBXFileReference; lastKnownFileType = sourcecode.cpp.cpp; path = "example_04-03.cpp"; sourceTree = "<group>"; };
		7892217220E3DBFC00D44D6C /* example_04-01 */ = {isa = PBXFileReference; explicitFileType = "compiled.mach-o.executable"; includeInIndex = 0; path = "example_04-01"; sourceTree = BUILT_PRODUCTS_DIR; };
		7892217420E3DBFC00D44D6C /* main.cpp */ = {isa = PBXFileReference; lastKnownFileType = sourcecode.cpp.cpp; path = main.cpp; sourceTree = "<group>"; };
		78DAC1F720D1F2D800CF9F1D /* LearningOpenCV2 */ = {isa = PBXFileReference; explicitFileType = "compiled.mach-o.executable"; includeInIndex = 0; path = LearningOpenCV2; sourceTree = BUILT_PRODUCTS_DIR; };
		78DAC1FA20D1F2D800CF9F1D /* main.cpp */ = {isa = PBXFileReference; lastKnownFileType = sourcecode.cpp.cpp; path = main.cpp; sourceTree = "<group>"; };
		78DAC20220D1FA7500CF9F1D /* libopencv_videostab.3.4.1.dylib */ = {isa = PBXFileReference; lastKnownFileType = "compiled.mach-o.dylib"; name = libopencv_videostab.3.4.1.dylib; path = ../../../../../usr/local/Cellar/opencv/3.4.1_5/lib/libopencv_videostab.3.4.1.dylib; sourceTree = "<group>"; };
		78DAC20320D1FA7500CF9F1D /* libopencv_stereo.3.4.1.dylib */ = {isa = PBXFileReference; lastKnownFileType = "compiled.mach-o.dylib"; name = libopencv_stereo.3.4.1.dylib; path = ../../../../../usr/local/Cellar/opencv/3.4.1_5/lib/libopencv_stereo.3.4.1.dylib; sourceTree = "<group>"; };
		78DAC20420D1FA7500CF9F1D /* libopencv_saliency.3.4.1.dylib */ = {isa = PBXFileReference; lastKnownFileType = "compiled.mach-o.dylib"; name = libopencv_saliency.3.4.1.dylib; path = ../../../../../usr/local/Cellar/opencv/3.4.1_5/lib/libopencv_saliency.3.4.1.dylib; sourceTree = "<group>"; };
		78DAC20520D1FA7500CF9F1D /* libopencv_shape.a */ = {isa = PBXFileReference; lastKnownFileType = archive.ar; name = libopencv_shape.a; path = ../../../../../usr/local/Cellar/opencv/3.4.1_5/lib/libopencv_shape.a; sourceTree = "<group>"; };
		78DAC20620D1FA7500CF9F1D /* libopencv_video.3.4.1.dylib */ = {isa = PBXFileReference; lastKnownFileType = "compiled.mach-o.dylib"; name = libopencv_video.3.4.1.dylib; path = ../../../../../usr/local/Cellar/opencv/3.4.1_5/lib/libopencv_video.3.4.1.dylib; sourceTree = "<group>"; };
		78DAC20720D1FA7500CF9F1D /* libopencv_xfeatures2d.3.4.1.dylib */ = {isa = PBXFileReference; lastKnownFileType = "compiled.mach-o.dylib"; name = libopencv_xfeatures2d.3.4.1.dylib; path = ../../../../../usr/local/Cellar/opencv/3.4.1_5/lib/libopencv_xfeatures2d.3.4.1.dylib; sourceTree = "<group>"; };
		78DAC20820D1FA7500CF9F1D /* libopencv_xobjdetect.a */ = {isa = PBXFileReference; lastKnownFileType = archive.ar; name = libopencv_xobjdetect.a; path = ../../../../../usr/local/Cellar/opencv/3.4.1_5/lib/libopencv_xobjdetect.a; sourceTree = "<group>"; };
		78DAC20920D1FA7500CF9F1D /* libopencv_tracking.3.4.1.dylib */ = {isa = PBXFileReference; lastKnownFileType = "compiled.mach-o.dylib"; name = libopencv_tracking.3.4.1.dylib; path = ../../../../../usr/local/Cellar/opencv/3.4.1_5/lib/libopencv_tracking.3.4.1.dylib; sourceTree = "<group>"; };
		78DAC20A20D1FA7500CF9F1D /* libopencv_videoio.3.4.1.dylib */ = {isa = PBXFileReference; lastKnownFileType = "compiled.mach-o.dylib"; name = libopencv_videoio.3.4.1.dylib; path = ../../../../../usr/local/Cellar/opencv/3.4.1_5/lib/libopencv_videoio.3.4.1.dylib; sourceTree = "<group>"; };
		78DAC20B20D1FA7500CF9F1D /* libopencv_videostab.a */ = {isa = PBXFileReference; lastKnownFileType = archive.ar; name = libopencv_videostab.a; path = ../../../../../usr/local/Cellar/opencv/3.4.1_5/lib/libopencv_videostab.a; sourceTree = "<group>"; };
		78DAC20C20D1FA7500CF9F1D /* libopencv_ximgproc.a */ = {isa = PBXFileReference; lastKnownFileType = archive.ar; name = libopencv_ximgproc.a; path = ../../../../../usr/local/Cellar/opencv/3.4.1_5/lib/libopencv_ximgproc.a; sourceTree = "<group>"; };
		78DAC20D20D1FA7500CF9F1D /* libopencv_superres.3.4.1.dylib */ = {isa = PBXFileReference; lastKnownFileType = "compiled.mach-o.dylib"; name = libopencv_superres.3.4.1.dylib; path = ../../../../../usr/local/Cellar/opencv/3.4.1_5/lib/libopencv_superres.3.4.1.dylib; sourceTree = "<group>"; };
		78DAC20E20D1FA7500CF9F1D /* libopencv_shape.3.4.1.dylib */ = {isa = PBXFileReference; lastKnownFileType = "compiled.mach-o.dylib"; name = libopencv_shape.3.4.1.dylib; path = ../../../../../usr/local/Cellar/opencv/3.4.1_5/lib/libopencv_shape.3.4.1.dylib; sourceTree = "<group>"; };
		78DAC20F20D1FA7500CF9F1D /* libopencv_stitching.a */ = {isa = PBXFileReference; lastKnownFileType = archive.ar; name = libopencv_stitching.a; path = ../../../../../usr/local/Cellar/opencv/3.4.1_5/lib/libopencv_stitching.a; sourceTree = "<group>"; };
		78DAC21020D1FA7500CF9F1D /* libopencv_xfeatures2d.a */ = {isa = PBXFileReference; lastKnownFileType = archive.ar; name = libopencv_xfeatures2d.a; path = ../../../../../usr/local/Cellar/opencv/3.4.1_5/lib/libopencv_xfeatures2d.a; sourceTree = "<group>"; };
		78DAC21120D1FA7500CF9F1D /* libopencv_xphoto.3.4.1.dylib */ = {isa = PBXFileReference; lastKnownFileType = "compiled.mach-o.dylib"; name = libopencv_xphoto.3.4.1.dylib; path = ../../../../../usr/local/Cellar/opencv/3.4.1_5/lib/libopencv_xphoto.3.4.1.dylib; sourceTree = "<group>"; };
		78DAC21220D1FA7500CF9F1D /* libopencv_surface_matching.3.4.1.dylib */ = {isa = PBXFileReference; lastKnownFileType = "compiled.mach-o.dylib"; name = libopencv_surface_matching.3.4.1.dylib; path = ../../../../../usr/local/Cellar/opencv/3.4.1_5/lib/libopencv_surface_matching.3.4.1.dylib; sourceTree = "<group>"; };
		78DAC21320D1FA7500CF9F1D /* libopencv_structured_light.a */ = {isa = PBXFileReference; lastKnownFileType = archive.ar; name = libopencv_structured_light.a; path = ../../../../../usr/local/Cellar/opencv/3.4.1_5/lib/libopencv_structured_light.a; sourceTree = "<group>"; };
		78DAC21420D1FA7500CF9F1D /* libopencv_xobjdetect.3.4.1.dylib */ = {isa = PBXFileReference; lastKnownFileType = "compiled.mach-o.dylib"; name = libopencv_xobjdetect.3.4.1.dylib; path = ../../../../../usr/local/Cellar/opencv/3.4.1_5/lib/libopencv_xobjdetect.3.4.1.dylib; sourceTree = "<group>"; };
		78DAC21520D1FA7500CF9F1D /* libopencv_videoio.a */ = {isa = PBXFileReference; lastKnownFileType = archive.ar; name = libopencv_videoio.a; path = ../../../../../usr/local/Cellar/opencv/3.4.1_5/lib/libopencv_videoio.a; sourceTree = "<group>"; };
		78DAC21620D1FA7500CF9F1D /* libopencv_tracking.a */ = {isa = PBXFileReference; lastKnownFileType = archive.ar; name = libopencv_tracking.a; path = ../../../../../usr/local/Cellar/opencv/3.4.1_5/lib/libopencv_tracking.a; sourceTree = "<group>"; };
		78DAC21720D1FA7500CF9F1D /* libopencv_stitching.3.4.1.dylib */ = {isa = PBXFileReference; lastKnownFileType = "compiled.mach-o.dylib"; name = libopencv_stitching.3.4.1.dylib; path = ../../../../../usr/local/Cellar/opencv/3.4.1_5/lib/libopencv_stitching.3.4.1.dylib; sourceTree = "<group>"; };
		78DAC21820D1FA7500CF9F1D /* libopencv_superres.a */ = {isa = PBXFileReference; lastKnownFileType = archive.ar; name = libopencv_superres.a; path = ../../../../../usr/local/Cellar/opencv/3.4.1_5/lib/libopencv_superres.a; sourceTree = "<group>"; };
		78DAC21920D1FA7500CF9F1D /* libopencv_video.a */ = {isa = PBXFileReference; lastKnownFileType = archive.ar; name = libopencv_video.a; path = ../../../../../usr/local/Cellar/opencv/3.4.1_5/lib/libopencv_video.a; sourceTree = "<group>"; };
		78DAC21A20D1FA7500CF9F1D /* libopencv_surface_matching.a */ = {isa = PBXFileReference; lastKnownFileType = archive.ar; name = libopencv_surface_matching.a; path = ../../../../../usr/local/Cellar/opencv/3.4.1_5/lib/libopencv_surface_matching.a; sourceTree = "<group>"; };
		78DAC21B20D1FA7500CF9F1D /* libopencv_ximgproc.3.4.1.dylib */ = {isa = PBXFileReference; lastKnownFileType = "compiled.mach-o.dylib"; name = libopencv_ximgproc.3.4.1.dylib; path = ../../../../../usr/local/Cellar/opencv/3.4.1_5/lib/libopencv_ximgproc.3.4.1.dylib; sourceTree = "<group>"; };
		78DAC21C20D1FA7500CF9F1D /* libopencv_xphoto.a */ = {isa = PBXFileReference; lastKnownFileType = archive.ar; name = libopencv_xphoto.a; path = ../../../../../usr/local/Cellar/opencv/3.4.1_5/lib/libopencv_xphoto.a; sourceTree = "<group>"; };
		78DAC21D20D1FA7500CF9F1D /* libopencv_stereo.a */ = {isa = PBXFileReference; lastKnownFileType = archive.ar; name = libopencv_stereo.a; path = ../../../../../usr/local/Cellar/opencv/3.4.1_5/lib/libopencv_stereo.a; sourceTree = "<group>"; };
		78DAC21E20D1FA7500CF9F1D /* libopencv_structured_light.3.4.1.dylib */ = {isa = PBXFileReference; lastKnownFileType = "compiled.mach-o.dylib"; name = libopencv_structured_light.3.4.1.dylib; path = ../../../../../usr/local/Cellar/opencv/3.4.1_5/lib/libopencv_structured_light.3.4.1.dylib; sourceTree = "<group>"; };
		78DAC21F20D1FA7500CF9F1D /* libopencv_saliency.a */ = {isa = PBXFileReference; lastKnownFileType = archive.ar; name = libopencv_saliency.a; path = ../../../../../usr/local/Cellar/opencv/3.4.1_5/lib/libopencv_saliency.a; sourceTree = "<group>"; };
		78DAC24D20D1FC9E00CF9F1D /* libopencv_aruco.3.4.1.dylib */ = {isa = PBXFileReference; lastKnownFileType = "compiled.mach-o.dylib"; name = libopencv_aruco.3.4.1.dylib; path = ../../../../../usr/local/Cellar/opencv/3.4.1_5/lib/libopencv_aruco.3.4.1.dylib; sourceTree = "<group>"; };
		78DAC24E20D1FC9E00CF9F1D /* libopencv_bioinspired.3.4.1.dylib */ = {isa = PBXFileReference; lastKnownFileType = "compiled.mach-o.dylib"; name = libopencv_bioinspired.3.4.1.dylib; path = ../../../../../usr/local/Cellar/opencv/3.4.1_5/lib/libopencv_bioinspired.3.4.1.dylib; sourceTree = "<group>"; };
		78DAC24F20D1FC9E00CF9F1D /* libopencv_bgsegm.3.4.1.dylib */ = {isa = PBXFileReference; lastKnownFileType = "compiled.mach-o.dylib"; name = libopencv_bgsegm.3.4.1.dylib; path = ../../../../../usr/local/Cellar/opencv/3.4.1_5/lib/libopencv_bgsegm.3.4.1.dylib; sourceTree = "<group>"; };
		78DAC25020D1FC9E00CF9F1D /* libopencv_fuzzy.3.4.1.dylib */ = {isa = PBXFileReference; lastKnownFileType = "compiled.mach-o.dylib"; name = libopencv_fuzzy.3.4.1.dylib; path = ../../../../../usr/local/Cellar/opencv/3.4.1_5/lib/libopencv_fuzzy.3.4.1.dylib; sourceTree = "<group>"; };
		78DAC25120D1FC9E00CF9F1D /* libopencv_ml.3.4.1.dylib */ = {isa = PBXFileReference; lastKnownFileType = "compiled.mach-o.dylib"; name = libopencv_ml.3.4.1.dylib; path = ../../../../../usr/local/Cellar/opencv/3.4.1_5/lib/libopencv_ml.3.4.1.dylib; sourceTree = "<group>"; };
		78DAC25220D1FC9E00CF9F1D /* libopencv_imgproc.3.4.1.dylib */ = {isa = PBXFileReference; lastKnownFileType = "compiled.mach-o.dylib"; name = libopencv_imgproc.3.4.1.dylib; path = ../../../../../usr/local/Cellar/opencv/3.4.1_5/lib/libopencv_imgproc.3.4.1.dylib; sourceTree = "<group>"; };
		78DAC25320D1FC9E00CF9F1D /* libopencv_dnn_objdetect.3.4.1.dylib */ = {isa = PBXFileReference; lastKnownFileType = "compiled.mach-o.dylib"; name = libopencv_dnn_objdetect.3.4.1.dylib; path = ../../../../../usr/local/Cellar/opencv/3.4.1_5/lib/libopencv_dnn_objdetect.3.4.1.dylib; sourceTree = "<group>"; };
		78DAC25420D1FC9E00CF9F1D /* libopencv_dpm.3.4.1.dylib */ = {isa = PBXFileReference; lastKnownFileType = "compiled.mach-o.dylib"; name = libopencv_dpm.3.4.1.dylib; path = ../../../../../usr/local/Cellar/opencv/3.4.1_5/lib/libopencv_dpm.3.4.1.dylib; sourceTree = "<group>"; };
		78DAC25520D1FC9E00CF9F1D /* libopencv_features2d.3.4.1.dylib */ = {isa = PBXFileReference; lastKnownFileType = "compiled.mach-o.dylib"; name = libopencv_features2d.3.4.1.dylib; path = ../../../../../usr/local/Cellar/opencv/3.4.1_5/lib/libopencv_features2d.3.4.1.dylib; sourceTree = "<group>"; };
		78DAC25620D1FC9E00CF9F1D /* libopencv_objdetect.3.4.1.dylib */ = {isa = PBXFileReference; lastKnownFileType = "compiled.mach-o.dylib"; name = libopencv_objdetect.3.4.1.dylib; path = ../../../../../usr/local/Cellar/opencv/3.4.1_5/lib/libopencv_objdetect.3.4.1.dylib; sourceTree = "<group>"; };
		78DAC25720D1FC9E00CF9F1D /* libopencv_datasets.3.4.1.dylib */ = {isa = PBXFileReference; lastKnownFileType = "compiled.mach-o.dylib"; name = libopencv_datasets.3.4.1.dylib; path = ../../../../../usr/local/Cellar/opencv/3.4.1_5/lib/libopencv_datasets.3.4.1.dylib; sourceTree = "<group>"; };
		78DAC25820D1FC9E00CF9F1D /* libopencv_ccalib.3.4.1.dylib */ = {isa = PBXFileReference; lastKnownFileType = "compiled.mach-o.dylib"; name = libopencv_ccalib.3.4.1.dylib; path = ../../../../../usr/local/Cellar/opencv/3.4.1_5/lib/libopencv_ccalib.3.4.1.dylib; sourceTree = "<group>"; };
		78DAC25920D1FC9E00CF9F1D /* libopencv_calib3d.3.4.1.dylib */ = {isa = PBXFileReference; lastKnownFileType = "compiled.mach-o.dylib"; name = libopencv_calib3d.3.4.1.dylib; path = ../../../../../usr/local/Cellar/opencv/3.4.1_5/lib/libopencv_calib3d.3.4.1.dylib; sourceTree = "<group>"; };
		78DAC25A20D1FC9E00CF9F1D /* libopencv_dnn.3.4.1.dylib */ = {isa = PBXFileReference; lastKnownFileType = "compiled.mach-o.dylib"; name = libopencv_dnn.3.4.1.dylib; path = ../../../../../usr/local/Cellar/opencv/3.4.1_5/lib/libopencv_dnn.3.4.1.dylib; sourceTree = "<group>"; };
		78DAC25B20D1FC9E00CF9F1D /* libopencv_phase_unwrapping.3.4.1.dylib */ = {isa = PBXFileReference; lastKnownFileType = "compiled.mach-o.dylib"; name = libopencv_phase_unwrapping.3.4.1.dylib; path = ../../../../../usr/local/Cellar/opencv/3.4.1_5/lib/libopencv_phase_unwrapping.3.4.1.dylib; sourceTree = "<group>"; };
		78DAC25C20D1FC9E00CF9F1D /* libopencv_reg.3.4.1.dylib */ = {isa = PBXFileReference; lastKnownFileType = "compiled.mach-o.dylib"; name = libopencv_reg.3.4.1.dylib; path = ../../../../../usr/local/Cellar/opencv/3.4.1_5/lib/libopencv_reg.3.4.1.dylib; sourceTree = "<group>"; };
		78DAC25D20D1FC9F00CF9F1D /* libopencv_optflow.3.4.1.dylib */ = {isa = PBXFileReference; lastKnownFileType = "compiled.mach-o.dylib"; name = libopencv_optflow.3.4.1.dylib; path = ../../../../../usr/local/Cellar/opencv/3.4.1_5/lib/libopencv_optflow.3.4.1.dylib; sourceTree = "<group>"; };
		78DAC25E20D1FC9F00CF9F1D /* libopencv_face.3.4.1.dylib */ = {isa = PBXFileReference; lastKnownFileType = "compiled.mach-o.dylib"; name = libopencv_face.3.4.1.dylib; path = ../../../../../usr/local/Cellar/opencv/3.4.1_5/lib/libopencv_face.3.4.1.dylib; sourceTree = "<group>"; };
		78DAC25F20D1FC9F00CF9F1D /* libopencv_core.3.4.1.dylib */ = {isa = PBXFileReference; lastKnownFileType = "compiled.mach-o.dylib"; name = libopencv_core.3.4.1.dylib; path = ../../../../../usr/local/Cellar/opencv/3.4.1_5/lib/libopencv_core.3.4.1.dylib; sourceTree = "<group>"; };
		78DAC26020D1FC9F00CF9F1D /* libopencv_highgui.3.4.1.dylib */ = {isa = PBXFileReference; lastKnownFileType = "compiled.mach-o.dylib"; name = libopencv_highgui.3.4.1.dylib; path = ../../../../../usr/local/Cellar/opencv/3.4.1_5/lib/libopencv_highgui.3.4.1.dylib; sourceTree = "<group>"; };
		78DAC26120D1FC9F00CF9F1D /* libopencv_hfs.3.4.1.dylib */ = {isa = PBXFileReference; lastKnownFileType = "compiled.mach-o.dylib"; name = libopencv_hfs.3.4.1.dylib; path = ../../../../../usr/local/Cellar/opencv/3.4.1_5/lib/libopencv_hfs.3.4.1.dylib; sourceTree = "<group>"; };
		78DAC26220D1FC9F00CF9F1D /* libopencv_flann.3.4.1.dylib */ = {isa = PBXFileReference; lastKnownFileType = "compiled.mach-o.dylib"; name = libopencv_flann.3.4.1.dylib; path = ../../../../../usr/local/Cellar/opencv/3.4.1_5/lib/libopencv_flann.3.4.1.dylib; sourceTree = "<group>"; };
		78DAC26320D1FC9F00CF9F1D /* libopencv_imgcodecs.3.4.1.dylib */ = {isa = PBXFileReference; lastKnownFileType = "compiled.mach-o.dylib"; name = libopencv_imgcodecs.3.4.1.dylib; path = ../../../../../usr/local/Cellar/opencv/3.4.1_5/lib/libopencv_imgcodecs.3.4.1.dylib; sourceTree = "<group>"; };
		78DAC26420D1FC9F00CF9F1D /* libopencv_photo.3.4.1.dylib */ = {isa = PBXFileReference; lastKnownFileType = "compiled.mach-o.dylib"; name = libopencv_photo.3.4.1.dylib; path = ../../../../../usr/local/Cellar/opencv/3.4.1_5/lib/libopencv_photo.3.4.1.dylib; sourceTree = "<group>"; };
		78DAC26520D1FC9F00CF9F1D /* libopencv_img_hash.3.4.1.dylib */ = {isa = PBXFileReference; lastKnownFileType = "compiled.mach-o.dylib"; name = libopencv_img_hash.3.4.1.dylib; path = ../../../../../usr/local/Cellar/opencv/3.4.1_5/lib/libopencv_img_hash.3.4.1.dylib; sourceTree = "<group>"; };
		78DAC26620D1FC9F00CF9F1D /* libopencv_line_descriptor.3.4.1.dylib */ = {isa = PBXFileReference; lastKnownFileType = "compiled.mach-o.dylib"; name = libopencv_line_descriptor.3.4.1.dylib; path = ../../../../../usr/local/Cellar/opencv/3.4.1_5/lib/libopencv_line_descriptor.3.4.1.dylib; sourceTree = "<group>"; };
		78DAC26720D1FC9F00CF9F1D /* libopencv_rgbd.3.4.1.dylib */ = {isa = PBXFileReference; lastKnownFileType = "compiled.mach-o.dylib"; name = libopencv_rgbd.3.4.1.dylib; path = ../../../../../usr/local/Cellar/opencv/3.4.1_5/lib/libopencv_rgbd.3.4.1.dylib; sourceTree = "<group>"; };
		78DAC26820D1FC9F00CF9F1D /* libopencv_plot.3.4.1.dylib */ = {isa = PBXFileReference; lastKnownFileType = "compiled.mach-o.dylib"; name = libopencv_plot.3.4.1.dylib; path = ../../../../../usr/local/Cellar/opencv/3.4.1_5/lib/libopencv_plot.3.4.1.dylib; sourceTree = "<group>"; };
/* End PBXFileReference section */

/* Begin PBXFrameworksBuildPhase section */
		7892216F20E3DBFC00D44D6C /* Frameworks */ = {
			isa = PBXFrameworksBuildPhase;
			buildActionMask = 2147483647;
			files = (
				7892217920E3DE1500D44D6C /* libopencv_xphoto.3.4.1.dylib in Frameworks */,
				7892217A20E3DE1500D44D6C /* libopencv_xobjdetect.3.4.1.dylib in Frameworks */,
				7892217B20E3DE1500D44D6C /* libopencv_ximgproc.3.4.1.dylib in Frameworks */,
				7892217C20E3DE1500D44D6C /* libopencv_xfeatures2d.3.4.1.dylib in Frameworks */,
				7892217D20E3DE1500D44D6C /* libopencv_videostab.3.4.1.dylib in Frameworks */,
				7892217E20E3DE1500D44D6C /* libopencv_videoio.3.4.1.dylib in Frameworks */,
				7892217F20E3DE1500D44D6C /* libopencv_video.3.4.1.dylib in Frameworks */,
				7892218020E3DE1500D44D6C /* libopencv_tracking.3.4.1.dylib in Frameworks */,
				7892218120E3DE1500D44D6C /* libopencv_surface_matching.3.4.1.dylib in Frameworks */,
				7892218220E3DE1500D44D6C /* libopencv_superres.3.4.1.dylib in Frameworks */,
				7892218320E3DE1500D44D6C /* libopencv_structured_light.3.4.1.dylib in Frameworks */,
				7892218420E3DE1500D44D6C /* libopencv_stitching.3.4.1.dylib in Frameworks */,
				7892218520E3DE1500D44D6C /* libopencv_stereo.3.4.1.dylib in Frameworks */,
				7892218620E3DE1500D44D6C /* libopencv_shape.3.4.1.dylib in Frameworks */,
				7892218720E3DE1500D44D6C /* libopencv_saliency.3.4.1.dylib in Frameworks */,
				7892218820E3DE1500D44D6C /* libopencv_rgbd.3.4.1.dylib in Frameworks */,
				7892218920E3DE1500D44D6C /* libopencv_reg.3.4.1.dylib in Frameworks */,
				7892218A20E3DE1500D44D6C /* libopencv_plot.3.4.1.dylib in Frameworks */,
				7892218B20E3DE1500D44D6C /* libopencv_photo.3.4.1.dylib in Frameworks */,
				7892218C20E3DE1500D44D6C /* libopencv_phase_unwrapping.3.4.1.dylib in Frameworks */,
				7892218D20E3DE1500D44D6C /* libopencv_optflow.3.4.1.dylib in Frameworks */,
				7892218E20E3DE1500D44D6C /* libopencv_objdetect.3.4.1.dylib in Frameworks */,
				7892218F20E3DE1500D44D6C /* libopencv_ml.3.4.1.dylib in Frameworks */,
				7892219020E3DE1500D44D6C /* libopencv_line_descriptor.3.4.1.dylib in Frameworks */,
				7892219120E3DE1500D44D6C /* libopencv_imgproc.3.4.1.dylib in Frameworks */,
				7892219220E3DE1500D44D6C /* libopencv_imgcodecs.3.4.1.dylib in Frameworks */,
				7892219320E3DE1500D44D6C /* libopencv_img_hash.3.4.1.dylib in Frameworks */,
				7892219420E3DE1500D44D6C /* libopencv_highgui.3.4.1.dylib in Frameworks */,
				7892219520E3DE1500D44D6C /* libopencv_hfs.3.4.1.dylib in Frameworks */,
				7892219620E3DE1500D44D6C /* libopencv_fuzzy.3.4.1.dylib in Frameworks */,
				7892219720E3DE1500D44D6C /* libopencv_flann.3.4.1.dylib in Frameworks */,
				7892219820E3DE1500D44D6C /* libopencv_features2d.3.4.1.dylib in Frameworks */,
				7892219920E3DE1500D44D6C /* libopencv_face.3.4.1.dylib in Frameworks */,
				7892219A20E3DE1500D44D6C /* libopencv_dpm.3.4.1.dylib in Frameworks */,
				7892219B20E3DE1500D44D6C /* libopencv_dnn_objdetect.3.4.1.dylib in Frameworks */,
				7892219C20E3DE1500D44D6C /* libopencv_dnn.3.4.1.dylib in Frameworks */,
				7892219D20E3DE1500D44D6C /* libopencv_datasets.3.4.1.dylib in Frameworks */,
				7892219E20E3DE1500D44D6C /* libopencv_core.3.4.1.dylib in Frameworks */,
				7892219F20E3DE1500D44D6C /* libopencv_ccalib.3.4.1.dylib in Frameworks */,
				789221A020E3DE1500D44D6C /* libopencv_calib3d.3.4.1.dylib in Frameworks */,
				789221A120E3DE1500D44D6C /* libopencv_bioinspired.3.4.1.dylib in Frameworks */,
				789221A220E3DE1500D44D6C /* libopencv_bgsegm.3.4.1.dylib in Frameworks */,
				789221A320E3DE1500D44D6C /* libopencv_aruco.3.4.1.dylib in Frameworks */,
			);
			runOnlyForDeploymentPostprocessing = 0;
		};
		78DAC1F420D1F2D800CF9F1D /* Frameworks */ = {
			isa = PBXFrameworksBuildPhase;
			buildActionMask = 2147483647;
			files = (
				78DAC26920D1FC9F00CF9F1D /* libopencv_aruco.3.4.1.dylib in Frameworks */,
				78DAC26A20D1FC9F00CF9F1D /* libopencv_bioinspired.3.4.1.dylib in Frameworks */,
				78DAC26B20D1FC9F00CF9F1D /* libopencv_bgsegm.3.4.1.dylib in Frameworks */,
				78DAC26C20D1FC9F00CF9F1D /* libopencv_fuzzy.3.4.1.dylib in Frameworks */,
				78DAC26D20D1FC9F00CF9F1D /* libopencv_ml.3.4.1.dylib in Frameworks */,
				78DAC26E20D1FC9F00CF9F1D /* libopencv_imgproc.3.4.1.dylib in Frameworks */,
				78DAC26F20D1FC9F00CF9F1D /* libopencv_dnn_objdetect.3.4.1.dylib in Frameworks */,
				78DAC27020D1FC9F00CF9F1D /* libopencv_dpm.3.4.1.dylib in Frameworks */,
				78DAC27120D1FC9F00CF9F1D /* libopencv_features2d.3.4.1.dylib in Frameworks */,
				78DAC27220D1FC9F00CF9F1D /* libopencv_objdetect.3.4.1.dylib in Frameworks */,
				78DAC27320D1FC9F00CF9F1D /* libopencv_datasets.3.4.1.dylib in Frameworks */,
				78DAC27420D1FC9F00CF9F1D /* libopencv_ccalib.3.4.1.dylib in Frameworks */,
				78DAC27520D1FC9F00CF9F1D /* libopencv_calib3d.3.4.1.dylib in Frameworks */,
				78DAC27620D1FC9F00CF9F1D /* libopencv_dnn.3.4.1.dylib in Frameworks */,
				78DAC27720D1FC9F00CF9F1D /* libopencv_phase_unwrapping.3.4.1.dylib in Frameworks */,
				78DAC27820D1FC9F00CF9F1D /* libopencv_reg.3.4.1.dylib in Frameworks */,
				78DAC27920D1FC9F00CF9F1D /* libopencv_optflow.3.4.1.dylib in Frameworks */,
				78DAC27A20D1FC9F00CF9F1D /* libopencv_face.3.4.1.dylib in Frameworks */,
				78DAC27B20D1FC9F00CF9F1D /* libopencv_core.3.4.1.dylib in Frameworks */,
				78DAC27C20D1FC9F00CF9F1D /* libopencv_highgui.3.4.1.dylib in Frameworks */,
				78DAC27D20D1FC9F00CF9F1D /* libopencv_hfs.3.4.1.dylib in Frameworks */,
				78DAC27E20D1FC9F00CF9F1D /* libopencv_flann.3.4.1.dylib in Frameworks */,
				78DAC27F20D1FC9F00CF9F1D /* libopencv_imgcodecs.3.4.1.dylib in Frameworks */,
				78DAC28020D1FC9F00CF9F1D /* libopencv_photo.3.4.1.dylib in Frameworks */,
				78DAC28120D1FC9F00CF9F1D /* libopencv_img_hash.3.4.1.dylib in Frameworks */,
				78DAC28220D1FC9F00CF9F1D /* libopencv_line_descriptor.3.4.1.dylib in Frameworks */,
				78DAC28320D1FC9F00CF9F1D /* libopencv_rgbd.3.4.1.dylib in Frameworks */,
				78DAC28420D1FC9F00CF9F1D /* libopencv_plot.3.4.1.dylib in Frameworks */,
				78DAC23E20D1FC9D00CF9F1D /* libopencv_xphoto.3.4.1.dylib in Frameworks */,
				78DAC23F20D1FC9D00CF9F1D /* libopencv_xobjdetect.3.4.1.dylib in Frameworks */,
				78DAC24020D1FC9D00CF9F1D /* libopencv_ximgproc.3.4.1.dylib in Frameworks */,
				78DAC24120D1FC9D00CF9F1D /* libopencv_xfeatures2d.3.4.1.dylib in Frameworks */,
				78DAC24220D1FC9D00CF9F1D /* libopencv_videostab.3.4.1.dylib in Frameworks */,
				78DAC24320D1FC9D00CF9F1D /* libopencv_videoio.3.4.1.dylib in Frameworks */,
				78DAC24420D1FC9D00CF9F1D /* libopencv_video.3.4.1.dylib in Frameworks */,
				78DAC24520D1FC9D00CF9F1D /* libopencv_tracking.3.4.1.dylib in Frameworks */,
				78DAC24620D1FC9D00CF9F1D /* libopencv_surface_matching.3.4.1.dylib in Frameworks */,
				78DAC24720D1FC9D00CF9F1D /* libopencv_superres.3.4.1.dylib in Frameworks */,
				78DAC24820D1FC9D00CF9F1D /* libopencv_structured_light.3.4.1.dylib in Frameworks */,
				78DAC24920D1FC9D00CF9F1D /* libopencv_stitching.3.4.1.dylib in Frameworks */,
				78DAC24A20D1FC9D00CF9F1D /* libopencv_stereo.3.4.1.dylib in Frameworks */,
				78DAC24B20D1FC9D00CF9F1D /* libopencv_shape.3.4.1.dylib in Frameworks */,
				78DAC24C20D1FC9D00CF9F1D /* libopencv_saliency.3.4.1.dylib in Frameworks */,
			);
			runOnlyForDeploymentPostprocessing = 0;
		};
/* End PBXFrameworksBuildPhase section */

/* Begin PBXGroup section */
		7892217320E3DBFC00D44D6C /* example_04-01 */ = {
			isa = PBXGroup;
			children = (
				7892217420E3DBFC00D44D6C /* main.cpp */,
				7836DE4B20E5B9A500D49A7C /* example_04-02.cpp */,
				7867456D20E9B72B009AB4D9 /* example_04-03.cpp */,
			);
			path = "example_04-01";
			sourceTree = "<group>";
		};
		78DAC1EE20D1F2D800CF9F1D = {
			isa = PBXGroup;
			children = (
				78DAC1F920D1F2D800CF9F1D /* LearningOpenCV2 */,
				7892217320E3DBFC00D44D6C /* example_04-01 */,
				78DAC1F820D1F2D800CF9F1D /* Products */,
				78DAC20120D1FA7400CF9F1D /* Frameworks */,
			);
			sourceTree = "<group>";
		};
		78DAC1F820D1F2D800CF9F1D /* Products */ = {
			isa = PBXGroup;
			children = (
				78DAC1F720D1F2D800CF9F1D /* LearningOpenCV2 */,
				7892217220E3DBFC00D44D6C /* example_04-01 */,
			);
			name = Products;
			sourceTree = "<group>";
		};
		78DAC1F920D1F2D800CF9F1D /* LearningOpenCV2 */ = {
			isa = PBXGroup;
			children = (
				78DAC1FA20D1F2D800CF9F1D /* main.cpp */,
			);
			path = LearningOpenCV2;
			sourceTree = "<group>";
		};
		78DAC20120D1FA7400CF9F1D /* Frameworks */ = {
			isa = PBXGroup;
			children = (
				78DAC24D20D1FC9E00CF9F1D /* libopencv_aruco.3.4.1.dylib */,
				78DAC24F20D1FC9E00CF9F1D /* libopencv_bgsegm.3.4.1.dylib */,
				78DAC24E20D1FC9E00CF9F1D /* libopencv_bioinspired.3.4.1.dylib */,
				78DAC25920D1FC9E00CF9F1D /* libopencv_calib3d.3.4.1.dylib */,
				78DAC25820D1FC9E00CF9F1D /* libopencv_ccalib.3.4.1.dylib */,
				78DAC25F20D1FC9F00CF9F1D /* libopencv_core.3.4.1.dylib */,
				78DAC25720D1FC9E00CF9F1D /* libopencv_datasets.3.4.1.dylib */,
				78DAC25320D1FC9E00CF9F1D /* libopencv_dnn_objdetect.3.4.1.dylib */,
				78DAC25A20D1FC9E00CF9F1D /* libopencv_dnn.3.4.1.dylib */,
				78DAC25420D1FC9E00CF9F1D /* libopencv_dpm.3.4.1.dylib */,
				78DAC25E20D1FC9F00CF9F1D /* libopencv_face.3.4.1.dylib */,
				78DAC25520D1FC9E00CF9F1D /* libopencv_features2d.3.4.1.dylib */,
				78DAC26220D1FC9F00CF9F1D /* libopencv_flann.3.4.1.dylib */,
				78DAC25020D1FC9E00CF9F1D /* libopencv_fuzzy.3.4.1.dylib */,
				78DAC26120D1FC9F00CF9F1D /* libopencv_hfs.3.4.1.dylib */,
				78DAC26020D1FC9F00CF9F1D /* libopencv_highgui.3.4.1.dylib */,
				78DAC26520D1FC9F00CF9F1D /* libopencv_img_hash.3.4.1.dylib */,
				78DAC26320D1FC9F00CF9F1D /* libopencv_imgcodecs.3.4.1.dylib */,
				78DAC25220D1FC9E00CF9F1D /* libopencv_imgproc.3.4.1.dylib */,
				78DAC26620D1FC9F00CF9F1D /* libopencv_line_descriptor.3.4.1.dylib */,
				78DAC25120D1FC9E00CF9F1D /* libopencv_ml.3.4.1.dylib */,
				78DAC25620D1FC9E00CF9F1D /* libopencv_objdetect.3.4.1.dylib */,
				78DAC25D20D1FC9F00CF9F1D /* libopencv_optflow.3.4.1.dylib */,
				78DAC25B20D1FC9E00CF9F1D /* libopencv_phase_unwrapping.3.4.1.dylib */,
				78DAC26420D1FC9F00CF9F1D /* libopencv_photo.3.4.1.dylib */,
				78DAC26820D1FC9F00CF9F1D /* libopencv_plot.3.4.1.dylib */,
				78DAC25C20D1FC9E00CF9F1D /* libopencv_reg.3.4.1.dylib */,
				78DAC26720D1FC9F00CF9F1D /* libopencv_rgbd.3.4.1.dylib */,
				78DAC20420D1FA7500CF9F1D /* libopencv_saliency.3.4.1.dylib */,
				78DAC21F20D1FA7500CF9F1D /* libopencv_saliency.a */,
				78DAC20E20D1FA7500CF9F1D /* libopencv_shape.3.4.1.dylib */,
				78DAC20520D1FA7500CF9F1D /* libopencv_shape.a */,
				78DAC20320D1FA7500CF9F1D /* libopencv_stereo.3.4.1.dylib */,
				78DAC21D20D1FA7500CF9F1D /* libopencv_stereo.a */,
				78DAC21720D1FA7500CF9F1D /* libopencv_stitching.3.4.1.dylib */,
				78DAC20F20D1FA7500CF9F1D /* libopencv_stitching.a */,
				78DAC21E20D1FA7500CF9F1D /* libopencv_structured_light.3.4.1.dylib */,
				78DAC21320D1FA7500CF9F1D /* libopencv_structured_light.a */,
				78DAC20D20D1FA7500CF9F1D /* libopencv_superres.3.4.1.dylib */,
				78DAC21820D1FA7500CF9F1D /* libopencv_superres.a */,
				78DAC21220D1FA7500CF9F1D /* libopencv_surface_matching.3.4.1.dylib */,
				78DAC21A20D1FA7500CF9F1D /* libopencv_surface_matching.a */,
				78DAC20920D1FA7500CF9F1D /* libopencv_tracking.3.4.1.dylib */,
				78DAC21620D1FA7500CF9F1D /* libopencv_tracking.a */,
				78DAC20620D1FA7500CF9F1D /* libopencv_video.3.4.1.dylib */,
				78DAC21920D1FA7500CF9F1D /* libopencv_video.a */,
				78DAC20A20D1FA7500CF9F1D /* libopencv_videoio.3.4.1.dylib */,
				78DAC21520D1FA7500CF9F1D /* libopencv_videoio.a */,
				78DAC20220D1FA7500CF9F1D /* libopencv_videostab.3.4.1.dylib */,
				78DAC20B20D1FA7500CF9F1D /* libopencv_videostab.a */,
				78DAC20720D1FA7500CF9F1D /* libopencv_xfeatures2d.3.4.1.dylib */,
				78DAC21020D1FA7500CF9F1D /* libopencv_xfeatures2d.a */,
				78DAC21B20D1FA7500CF9F1D /* libopencv_ximgproc.3.4.1.dylib */,
				78DAC20C20D1FA7500CF9F1D /* libopencv_ximgproc.a */,
				78DAC21420D1FA7500CF9F1D /* libopencv_xobjdetect.3.4.1.dylib */,
				78DAC20820D1FA7500CF9F1D /* libopencv_xobjdetect.a */,
				78DAC21120D1FA7500CF9F1D /* libopencv_xphoto.3.4.1.dylib */,
				78DAC21C20D1FA7500CF9F1D /* libopencv_xphoto.a */,
			);
			name = Frameworks;
			sourceTree = "<group>";
		};
/* End PBXGroup section */

/* Begin PBXNativeTarget section */
		7892217120E3DBFC00D44D6C /* example_04-01 */ = {
			isa = PBXNativeTarget;
			buildConfigurationList = 7892217820E3DBFC00D44D6C /* Build configuration list for PBXNativeTarget "example_04-01" */;
			buildPhases = (
				7892216E20E3DBFC00D44D6C /* Sources */,
				7892216F20E3DBFC00D44D6C /* Frameworks */,
				7892217020E3DBFC00D44D6C /* CopyFiles */,
			);
			buildRules = (
			);
			dependencies = (
			);
			name = "example_04-01";
			productName = "example_04-01";
			productReference = 7892217220E3DBFC00D44D6C /* example_04-01 */;
			productType = "com.apple.product-type.tool";
		};
		78DAC1F620D1F2D800CF9F1D /* LearningOpenCV2 */ = {
			isa = PBXNativeTarget;
			buildConfigurationList = 78DAC1FE20D1F2D800CF9F1D /* Build configuration list for PBXNativeTarget "LearningOpenCV2" */;
			buildPhases = (
				78DAC1F320D1F2D800CF9F1D /* Sources */,
				78DAC1F420D1F2D800CF9F1D /* Frameworks */,
				78DAC1F520D1F2D800CF9F1D /* CopyFiles */,
			);
			buildRules = (
			);
			dependencies = (
			);
			name = LearningOpenCV2;
			productName = LearningOpenCV2;
			productReference = 78DAC1F720D1F2D800CF9F1D /* LearningOpenCV2 */;
			productType = "com.apple.product-type.tool";
		};
/* End PBXNativeTarget section */

/* Begin PBXProject section */
		78DAC1EF20D1F2D800CF9F1D /* Project object */ = {
			isa = PBXProject;
			attributes = {
				LastUpgradeCheck = 0940;
				ORGANIZATIONNAME = "feelform Corp";
				TargetAttributes = {
					7892217120E3DBFC00D44D6C = {
						CreatedOnToolsVersion = 9.4.1;
					};
					78DAC1F620D1F2D800CF9F1D = {
						CreatedOnToolsVersion = 9.4;
					};
				};
			};
			buildConfigurationList = 78DAC1F220D1F2D800CF9F1D /* Build configuration list for PBXProject "LearningOpenCV2" */;
			compatibilityVersion = "Xcode 9.3";
			developmentRegion = en;
			hasScannedForEncodings = 0;
			knownRegions = (
				en,
			);
			mainGroup = 78DAC1EE20D1F2D800CF9F1D;
			productRefGroup = 78DAC1F820D1F2D800CF9F1D /* Products */;
			projectDirPath = "";
			projectRoot = "";
			targets = (
				78DAC1F620D1F2D800CF9F1D /* LearningOpenCV2 */,
				7892217120E3DBFC00D44D6C /* example_04-01 */,
			);
		};
/* End PBXProject section */

/* Begin PBXSourcesBuildPhase section */
		7892216E20E3DBFC00D44D6C /* Sources */ = {
			isa = PBXSourcesBuildPhase;
			buildActionMask = 2147483647;
			files = (
				7867456E20E9B72B009AB4D9 /* example_04-03.cpp in Sources */,
			);
			runOnlyForDeploymentPostprocessing = 0;
		};
		78DAC1F320D1F2D800CF9F1D /* Sources */ = {
			isa = PBXSourcesBuildPhase;
			buildActionMask = 2147483647;
			files = (
				78DAC28720D1FDCE00CF9F1D /* main.cpp in Sources */,
			);
			runOnlyForDeploymentPostprocessing = 0;
		};
/* End PBXSourcesBuildPhase section */

/* Begin XCBuildConfiguration section */
		7892217620E3DBFC00D44D6C /* Debug */ = {
			isa = XCBuildConfiguration;
			buildSettings = {
				CODE_SIGN_IDENTITY = "-";
				CODE_SIGN_STYLE = Automatic;
				LIBRARY_SEARCH_PATHS = (
					"$(inherited)",
					/usr/local/Cellar/opencv/3.4.1_5/lib,
				);
				PRODUCT_NAME = "$(TARGET_NAME)";
			};
			name = Debug;
		};
		7892217720E3DBFC00D44D6C /* Release */ = {
			isa = XCBuildConfiguration;
			buildSettings = {
				CODE_SIGN_IDENTITY = "-";
				CODE_SIGN_STYLE = Automatic;
				LIBRARY_SEARCH_PATHS = (
					"$(inherited)",
					/usr/local/Cellar/opencv/3.4.1_5/lib,
				);
				PRODUCT_NAME = "$(TARGET_NAME)";
			};
			name = Release;
		};
		78DAC1FC20D1F2D800CF9F1D /* Debug */ = {
			isa = XCBuildConfiguration;
			buildSettings = {
				ALWAYS_SEARCH_USER_PATHS = NO;
				CLANG_ANALYZER_NONNULL = YES;
				CLANG_ANALYZER_NUMBER_OBJECT_CONVERSION = YES_AGGRESSIVE;
				CLANG_CXX_LANGUAGE_STANDARD = "gnu++14";
				CLANG_CXX_LIBRARY = "libc++";
				CLANG_ENABLE_MODULES = YES;
				CLANG_ENABLE_OBJC_ARC = YES;
				CLANG_ENABLE_OBJC_WEAK = YES;
				CLANG_WARN_BLOCK_CAPTURE_AUTORELEASING = YES;
				CLANG_WARN_BOOL_CONVERSION = YES;
				CLANG_WARN_COMMA = YES;
				CLANG_WARN_CONSTANT_CONVERSION = YES;
				CLANG_WARN_DEPRECATED_OBJC_IMPLEMENTATIONS = YES;
				CLANG_WARN_DIRECT_OBJC_ISA_USAGE = YES_ERROR;
				CLANG_WARN_DOCUMENTATION_COMMENTS = YES;
				CLANG_WARN_EMPTY_BODY = YES;
				CLANG_WARN_ENUM_CONVERSION = YES;
				CLANG_WARN_INFINITE_RECURSION = YES;
				CLANG_WARN_INT_CONVERSION = YES;
				CLANG_WARN_NON_LITERAL_NULL_CONVERSION = YES;
				CLANG_WARN_OBJC_IMPLICIT_RETAIN_SELF = YES;
				CLANG_WARN_OBJC_LITERAL_CONVERSION = YES;
				CLANG_WARN_OBJC_ROOT_CLASS = YES_ERROR;
				CLANG_WARN_RANGE_LOOP_ANALYSIS = YES;
				CLANG_WARN_STRICT_PROTOTYPES = YES;
				CLANG_WARN_SUSPICIOUS_MOVE = YES;
				CLANG_WARN_UNGUARDED_AVAILABILITY = YES_AGGRESSIVE;
				CLANG_WARN_UNREACHABLE_CODE = YES;
				CLANG_WARN__DUPLICATE_METHOD_MATCH = YES;
				CODE_SIGN_IDENTITY = "Mac Developer";
				COPY_PHASE_STRIP = NO;
				DEBUG_INFORMATION_FORMAT = dwarf;
				ENABLE_STRICT_OBJC_MSGSEND = YES;
				ENABLE_TESTABILITY = YES;
				GCC_C_LANGUAGE_STANDARD = gnu11;
				GCC_DYNAMIC_NO_PIC = NO;
				GCC_NO_COMMON_BLOCKS = YES;
				GCC_OPTIMIZATION_LEVEL = 0;
				GCC_PREPROCESSOR_DEFINITIONS = (
					"DEBUG=1",
					"$(inherited)",
				);
				GCC_WARN_64_TO_32_BIT_CONVERSION = YES;
				GCC_WARN_ABOUT_RETURN_TYPE = YES_ERROR;
				GCC_WARN_UNDECLARED_SELECTOR = YES;
				GCC_WARN_UNINITIALIZED_AUTOS = YES_AGGRESSIVE;
				GCC_WARN_UNUSED_FUNCTION = YES;
				GCC_WARN_UNUSED_VARIABLE = YES;
				HEADER_SEARCH_PATHS = (
					"$(inherited)",
					/usr/local/include,
				);
				LIBRARY_SEARCH_PATHS = (
					"$(inherited)",
					/usr/local/lib,
				);
				MACOSX_DEPLOYMENT_TARGET = 10.13;
				MTL_ENABLE_DEBUG_INFO = YES;
				ONLY_ACTIVE_ARCH = YES;
				SDKROOT = macosx;
			};
			name = Debug;
		};
		78DAC1FD20D1F2D800CF9F1D /* Release */ = {
			isa = XCBuildConfiguration;
			buildSettings = {
				ALWAYS_SEARCH_USER_PATHS = NO;
				CLANG_ANALYZER_NONNULL = YES;
				CLANG_ANALYZER_NUMBER_OBJECT_CONVERSION = YES_AGGRESSIVE;
				CLANG_CXX_LANGUAGE_STANDARD = "gnu++14";
				CLANG_CXX_LIBRARY = "libc++";
				CLANG_ENABLE_MODULES = YES;
				CLANG_ENABLE_OBJC_ARC = YES;
				CLANG_ENABLE_OBJC_WEAK = YES;
				CLANG_WARN_BLOCK_CAPTURE_AUTORELEASING = YES;
				CLANG_WARN_BOOL_CONVERSION = YES;
				CLANG_WARN_COMMA = YES;
				CLANG_WARN_CONSTANT_CONVERSION = YES;
				CLANG_WARN_DEPRECATED_OBJC_IMPLEMENTATIONS = YES;
				CLANG_WARN_DIRECT_OBJC_ISA_USAGE = YES_ERROR;
				CLANG_WARN_DOCUMENTATION_COMMENTS = YES;
				CLANG_WARN_EMPTY_BODY = YES;
				CLANG_WARN_ENUM_CONVERSION = YES;
				CLANG_WARN_INFINITE_RECURSION = YES;
				CLANG_WARN_INT_CONVERSION = YES;
				CLANG_WARN_NON_LITERAL_NULL_CONVERSION = YES;
				CLANG_WARN_OBJC_IMPLICIT_RETAIN_SELF = YES;
				CLANG_WARN_OBJC_LITERAL_CONVERSION = YES;
				CLANG_WARN_OBJC_ROOT_CLASS = YES_ERROR;
				CLANG_WARN_RANGE_LOOP_ANALYSIS = YES;
				CLANG_WARN_STRICT_PROTOTYPES = YES;
				CLANG_WARN_SUSPICIOUS_MOVE = YES;
				CLANG_WARN_UNGUARDED_AVAILABILITY = YES_AGGRESSIVE;
				CLANG_WARN_UNREACHABLE_CODE = YES;
				CLANG_WARN__DUPLICATE_METHOD_MATCH = YES;
				CODE_SIGN_IDENTITY = "Mac Developer";
				COPY_PHASE_STRIP = NO;
				DEBUG_INFORMATION_FORMAT = "dwarf-with-dsym";
				ENABLE_NS_ASSERTIONS = NO;
				ENABLE_STRICT_OBJC_MSGSEND = YES;
				GCC_C_LANGUAGE_STANDARD = gnu11;
				GCC_NO_COMMON_BLOCKS = YES;
				GCC_WARN_64_TO_32_BIT_CONVERSION = YES;
				GCC_WARN_ABOUT_RETURN_TYPE = YES_ERROR;
				GCC_WARN_UNDECLARED_SELECTOR = YES;
				GCC_WARN_UNINITIALIZED_AUTOS = YES_AGGRESSIVE;
				GCC_WARN_UNUSED_FUNCTION = YES;
				GCC_WARN_UNUSED_VARIABLE = YES;
				HEADER_SEARCH_PATHS = (
					"$(inherited)",
					/usr/local/include,
				);
				LIBRARY_SEARCH_PATHS = (
					"$(inherited)",
					/usr/local/lib,
				);
				MACOSX_DEPLOYMENT_TARGET = 10.13;
				MTL_ENABLE_DEBUG_INFO = NO;
				SDKROOT = macosx;
			};
			name = Release;
		};
		78DAC1FF20D1F2D800CF9F1D /* Debug */ = {
			isa = XCBuildConfiguration;
			buildSettings = {
				CODE_SIGN_STYLE = Automatic;
				DEVELOPMENT_TEAM = 2HPNK5R843;
				PRODUCT_NAME = "$(TARGET_NAME)";
			};
			name = Debug;
		};
		78DAC20020D1F2D800CF9F1D /* Release */ = {
			isa = XCBuildConfiguration;
			buildSettings = {
				CODE_SIGN_STYLE = Automatic;
				DEVELOPMENT_TEAM = 2HPNK5R843;
				PRODUCT_NAME = "$(TARGET_NAME)";
			};
			name = Release;
		};
/* End XCBuildConfiguration section */

/* Begin XCConfigurationList section */
		7892217820E3DBFC00D44D6C /* Build configuration list for PBXNativeTarget "example_04-01" */ = {
			isa = XCConfigurationList;
			buildConfigurations = (
				7892217620E3DBFC00D44D6C /* Debug */,
				7892217720E3DBFC00D44D6C /* Release */,
			);
			defaultConfigurationIsVisible = 0;
			defaultConfigurationName = Release;
		};
		78DAC1F220D1F2D800CF9F1D /* Build configuration list for PBXProject "LearningOpenCV2" */ = {
			isa = XCConfigurationList;
			buildConfigurations = (
				78DAC1FC20D1F2D800CF9F1D /* Debug */,
				78DAC1FD20D1F2D800CF9F1D /* Release */,
			);
			defaultConfigurationIsVisible = 0;
			defaultConfigurationName = Release;
		};
		78DAC1FE20D1F2D800CF9F1D /* Build configuration list for PBXNativeTarget "LearningOpenCV2" */ = {
			isa = XCConfigurationList;
			buildConfigurations = (
				78DAC1FF20D1F2D800CF9F1D /* Debug */,
				78DAC20020D1F2D800CF9F1D /* Release */,
			);
			defaultConfigurationIsVisible = 0;
			defaultConfigurationName = Release;
		};
/* End XCConfigurationList section */
	};
	rootObject = 78DAC1EF20D1F2D800CF9F1D /* Project object */;
}
